{
  "name": "ilp-plugin-xrp-paychan",
  "version": "2.4.1",
  "lockfileVersion": 1,
  "requires": true,
  "dependencies": {
    "bignumber.js": {
      "version": "7.0.2",
      "resolved": "https://registry.npmjs.org/bignumber.js/-/bignumber.js-7.0.2.tgz",
      "integrity": "sha512-TosM7Yg1Ux0ZCNwwS/tW95r3q9xIZstgsUGKWaez0Cgq8Oy3qia9RGvyG/fbxlQAvigjza1d057QNQLGvYXCeg=="
    }
  }
}
